{
    "version": 3,
    "terraform_version": "0.8.6",
    "serial": 7,
    "lineage": "3138f12e-b215-4f5f-8d48-76db28d83761",
    "modules": [
        {
            "path": [
                "root"
            ],
            "outputs": {},
            "resources": {
                "docker_container.nginx.0": {
                    "type": "docker_container",
                    "depends_on": [
                        "docker_image.nginx"
                    ],
                    "primary": {
                        "id": "0aafd364ce74bf56fd247579b4b64a192deb61c4d8590569ced0b637ef3f8541",
                        "attributes": {
                            "bridge": "",
                            "gateway": "172.17.42.1",
                            "id": "0aafd364ce74bf56fd247579b4b64a192deb61c4d8590569ced0b637ef3f8541",
                            "image": "sha256:6b914bbcb89e49851990e064568dceee4d53a462f316ec36207599c12ae9ba65",
                            "ip_address": "172.17.0.1",
                            "ip_prefix_length": "16",
                            "log_driver": "json-file",
                            "must_run": "true",
                            "name": "nginx-1",
                            "ports.#": "1",
                            "ports.985670353.external": "0",
                            "ports.985670353.internal": "80",
                            "ports.985670353.ip": "",
                            "ports.985670353.protocol": "tcp",
                            "restart": "no",
                            "volumes.#": "1",
                            "volumes.362859019.container_path": "/usr/share/nginx/html",
                            "volumes.362859019.from_container": "",
                            "volumes.362859019.host_path": "/home/fdiaz/sandbox/terraform2/www",
                            "volumes.362859019.read_only": "true",
                            "volumes.362859019.volume_name": ""
                        },
                        "meta": {},
                        "tainted": false
                    },
                    "deposed": [],
                    "provider": ""
                },
                "docker_container.nginx.1": {
                    "type": "docker_container",
                    "depends_on": [
                        "docker_image.nginx"
                    ],
                    "primary": {
                        "id": "9d3dfc7c52ced823a00aa6f8bd901a2d3e2214fe23dce36c5283ed055247b52b",
                        "attributes": {
                            "bridge": "",
                            "gateway": "172.17.42.1",
                            "id": "9d3dfc7c52ced823a00aa6f8bd901a2d3e2214fe23dce36c5283ed055247b52b",
                            "image": "sha256:6b914bbcb89e49851990e064568dceee4d53a462f316ec36207599c12ae9ba65",
                            "ip_address": "172.17.0.2",
                            "ip_prefix_length": "16",
                            "log_driver": "json-file",
                            "must_run": "true",
                            "name": "nginx-2",
                            "ports.#": "1",
                            "ports.985670353.external": "0",
                            "ports.985670353.internal": "80",
                            "ports.985670353.ip": "",
                            "ports.985670353.protocol": "tcp",
                            "restart": "no",
                            "volumes.#": "1",
                            "volumes.362859019.container_path": "/usr/share/nginx/html",
                            "volumes.362859019.from_container": "",
                            "volumes.362859019.host_path": "/home/fdiaz/sandbox/terraform2/www",
                            "volumes.362859019.read_only": "true",
                            "volumes.362859019.volume_name": ""
                        },
                        "meta": {},
                        "tainted": false
                    },
                    "deposed": [],
                    "provider": ""
                },
                "docker_image.nginx": {
                    "type": "docker_image",
                    "depends_on": [],
                    "primary": {
                        "id": "sha256:6b914bbcb89e49851990e064568dceee4d53a462f316ec36207599c12ae9ba65nginx:latest",
                        "attributes": {
                            "id": "sha256:6b914bbcb89e49851990e064568dceee4d53a462f316ec36207599c12ae9ba65nginx:latest",
                            "latest": "sha256:6b914bbcb89e49851990e064568dceee4d53a462f316ec36207599c12ae9ba65",
                            "name": "nginx:latest"
                        },
                        "meta": {},
                        "tainted": false
                    },
                    "deposed": [],
                    "provider": ""
                },
                "docker_volume.shared_volume": {
                    "type": "docker_volume",
                    "depends_on": [],
                    "primary": {
                        "id": "shared",
                        "attributes": {
                            "driver": "local",
                            "id": "shared",
                            "mountpoint": "/var/lib/docker/volumes/shared/_data",
                            "name": "shared"
                        },
                        "meta": {},
                        "tainted": false
                    },
                    "deposed": [],
                    "provider": ""
                }
            },
            "depends_on": []
        }
    ]
}
